{
  "object": {
    "pins": [
      {
        "package": "CombineEx",
        "repositoryURL": "https://github.com/RocketLaunchpad/CombineEx.git",
        "state": {
          "branch": "main",
          "revision": "4c0a8201655c98542c3c6069ff5ab21260ddbc71",
          "version": null
        }
      },
      {
        "package": "FoundationEx",
        "repositoryURL": "https://github.com/RocketLaunchpad/FoundationEx.git",
        "state": {
          "branch": "main",
          "revision": "76570c0269d7e8622435efce85b49b5132dbeb71",
          "version": null
        }
      },
      {
        "package": "Functional",
        "repositoryURL": "https://github.com/RocketLaunchpad/Functional.git",
        "state": {
          "branch": "main",
          "revision": "be1d7f291ba6a84e48b03fe87ba2985b1640a898",
          "version": null
        }
      },
      {
        "package": "ReducerArchitecture",
        "repositoryURL": "https://github.com/RocketLaunchpad/ReducerArchitecture.git",
        "state": {
          "branch": "master",
          "revision": "350f760826778788290a85d9243c899c1766c96e",
          "version": null
        }
      },
      {
        "package": "Tagged",
        "repositoryURL": "https://github.com/pointfreeco/swift-tagged.git",
        "state": {
          "branch": null,
          "revision": "592e1eb4255c571ebffc29955011e352217501b4",
          "version": "0.5.0"
        }
      }
    ]
  },
  "version": 1
}
