{
  "object": {
    "pins": [
      {
        "package": "CombineEx",
        "repositoryURL": "https://github.com/RocketLaunchpad/CombineEx.git",
        "state": {
          "branch": null,
          "revision": "f77496af0df6563525ae3e432d4a3fa894a6b4e1",
          "version": "1.0.0"
        }
      },
      {
        "package": "FoundationEx",
        "repositoryURL": "https://github.com/RocketLaunchpad/FoundationEx.git",
        "state": {
          "branch": null,
          "revision": "1e29902f7c26fff9828c3f488a314786fc7756ff",
          "version": "1.0.0"
        }
      },
      {
        "package": "ReducerArchitecture",
        "repositoryURL": "https://github.com/RocketLaunchpad/ReducerArchitecture.git",
        "state": {
          "branch": null,
          "revision": "99d9d0908a2e1558b34232a88f88acd870838148",
          "version": "1.1.1"
        }
      },
      {
        "package": "Tagged",
        "repositoryURL": "https://github.com/pointfreeco/swift-tagged.git",
        "state": {
          "branch": null,
          "revision": "592e1eb4255c571ebffc29955011e352217501b4",
          "version": "0.5.0"
        }
      }
    ]
  },
  "version": 1
}
